
Microsoft Visual Studio Solution File, Format Version 12.00
# Visual Studio 15
VisualStudioVersion = 15.0.27004.2002
MinimumVisualStudioVersion = 10.0.40219.1
Project("{FAE04EC0-301F-11D3-BF4B-00C04F79EFBC}") = "TP02", "TP02\TP02.csproj", "{03CBB26E-CE17-41D6-A15C-9843C9161290}"
EndProject
Global
	GlobalSection(SolutionConfigurationPlatforms) = preSolution
		Debug|Any CPU = Debug|Any CPU
		Release|Any CPU = Release|Any CPU
	EndGlobalSection
	GlobalSection(ProjectConfigurationPlatforms) = postSolution
		{03CBB26E-CE17-41D6-A15C-9843C9161290}.Debug|Any CPU.ActiveCfg = Debug|Any CPU
		{03CBB26E-CE17-41D6-A15C-9843C9161290}.Debug|Any CPU.Build.0 = Debug|Any CPU
		{03CBB26E-CE17-41D6-A15C-9843C9161290}.Release|Any CPU.ActiveCfg = Release|Any CPU
		{03CBB26E-CE17-41D6-A15C-9843C9161290}.Release|Any CPU.Build.0 = Release|Any CPU
	EndGlobalSection
	GlobalSection(SolutionProperties) = preSolution
		HideSolutionNode = FALSE
	EndGlobalSection
	GlobalSection(ExtensibilityGlobals) = postSolution
		SolutionGuid = {6F8186E2-B0A0-4C3C-9D1B-35ED20A8BF9E}
	EndGlobalSection
EndGlobal
